
Microsoft Visual Studio Solution File, Format Version 12.00
# Visual Studio Version 16
VisualStudioVersion = 16.0.28721.148
MinimumVisualStudioVersion = 10.0.40219.1
Project("{FAE04EC0-301F-11D3-BF4B-00C04F79EFBC}") = "CSharp Windows Shutdown", "CSharp Windows Shutdown\CSharp Windows Shutdown.csproj", "{5B2C592B-B1A3-44A9-8236-AFEEAC21A3E6}"
EndProject
Global
	GlobalSection(SolutionConfigurationPlatforms) = preSolution
		Debug|Any CPU = Debug|Any CPU
		Release|Any CPU = Release|Any CPU
	EndGlobalSection
	GlobalSection(ProjectConfigurationPlatforms) = postSolution
		{5B2C592B-B1A3-44A9-8236-AFEEAC21A3E6}.Debug|Any CPU.ActiveCfg = Debug|Any CPU
		{5B2C592B-B1A3-44A9-8236-AFEEAC21A3E6}.Debug|Any CPU.Build.0 = Debug|Any CPU
		{5B2C592B-B1A3-44A9-8236-AFEEAC21A3E6}.Release|Any CPU.ActiveCfg = Release|Any CPU
		{5B2C592B-B1A3-44A9-8236-AFEEAC21A3E6}.Release|Any CPU.Build.0 = Release|Any CPU
	EndGlobalSection
	GlobalSection(SolutionProperties) = preSolution
		HideSolutionNode = FALSE
	EndGlobalSection
	GlobalSection(ExtensibilityGlobals) = postSolution
		SolutionGuid = {79F3E1FC-9B67-48E2-91C2-8B81110AE92C}
	EndGlobalSection
EndGlobal
